// !$*UTF8*$!
{
	archiveVersion = 1;
	classes = {
	};
	objectVersion = 55;
	objects = {

/* Begin PBXBuildFile section */
		1F39782D28C1C33600BD6638 /* AgenceApp.swift in Sources */ = {isa = PBXBuildFile; fileRef = 1F39782C28C1C33600BD6638 /* AgenceApp.swift */; };
		1F39782F28C1C33600BD6638 /* ContentView.swift in Sources */ = {isa = PBXBuildFile; fileRef = 1F39782E28C1C33600BD6638 /* ContentView.swift */; };
		1F39783128C1C33900BD6638 /* Assets.xcassets in Resources */ = {isa = PBXBuildFile; fileRef = 1F39783028C1C33900BD6638 /* Assets.xcassets */; };
		1F39783428C1C33900BD6638 /* Preview Assets.xcassets in Resources */ = {isa = PBXBuildFile; fileRef = 1F39783328C1C33900BD6638 /* Preview Assets.xcassets */; };
		1F39784628C1C7B200BD6638 /* GoogleService-Info.plist in Resources */ = {isa = PBXBuildFile; fileRef = 1F39784528C1C7B200BD6638 /* GoogleService-Info.plist */; };
		1F39784B28C1C91300BD6638 /* SignIn.swift in Sources */ = {isa = PBXBuildFile; fileRef = 1F39784A28C1C91300BD6638 /* SignIn.swift */; };
		1F39784D28C1CD9800BD6638 /* EmailField.swift in Sources */ = {isa = PBXBuildFile; fileRef = 1F39784C28C1CD9800BD6638 /* EmailField.swift */; };
		1F39784F28C1CF8F00BD6638 /* SignViewModel.swift in Sources */ = {isa = PBXBuildFile; fileRef = 1F39784E28C1CF8F00BD6638 /* SignViewModel.swift */; };
		1F39785128C1DBD300BD6638 /* PasswordField.swift in Sources */ = {isa = PBXBuildFile; fileRef = 1F39785028C1DBD200BD6638 /* PasswordField.swift */; };
		1F39785728C2045200BD6638 /* Home.swift in Sources */ = {isa = PBXBuildFile; fileRef = 1F39785628C2045200BD6638 /* Home.swift */; };
		1F39785928C27F2E00BD6638 /* ListProduct.swift in Sources */ = {isa = PBXBuildFile; fileRef = 1F39785828C27F2E00BD6638 /* ListProduct.swift */; };
		1F9C980828C6672700DC1EB5 /* FirebaseAuth in Frameworks */ = {isa = PBXBuildFile; productRef = 1F9C980728C6672700DC1EB5 /* FirebaseAuth */; };
		1F9C980B28C6685000DC1EB5 /* GoogleSignIn in Frameworks */ = {isa = PBXBuildFile; productRef = 1F9C980A28C6685000DC1EB5 /* GoogleSignIn */; };
		1F9C980D28C6685100DC1EB5 /* GoogleSignInSwift in Frameworks */ = {isa = PBXBuildFile; productRef = 1F9C980C28C6685100DC1EB5 /* GoogleSignInSwift */; };
		1F9C981328C6BFAD00DC1EB5 /* DetailsProducts.swift in Sources */ = {isa = PBXBuildFile; fileRef = 1F9C981228C6BFAD00DC1EB5 /* DetailsProducts.swift */; };
/* End PBXBuildFile section */

/* Begin PBXFileReference section */
		1F39782928C1C33600BD6638 /* Agence.app */ = {isa = PBXFileReference; explicitFileType = wrapper.application; includeInIndex = 0; path = Agence.app; sourceTree = BUILT_PRODUCTS_DIR; };
		1F39782C28C1C33600BD6638 /* AgenceApp.swift */ = {isa = PBXFileReference; lastKnownFileType = sourcecode.swift; path = AgenceApp.swift; sourceTree = "<group>"; };
		1F39782E28C1C33600BD6638 /* ContentView.swift */ = {isa = PBXFileReference; lastKnownFileType = sourcecode.swift; path = ContentView.swift; sourceTree = "<group>"; };
		1F39783028C1C33900BD6638 /* Assets.xcassets */ = {isa = PBXFileReference; lastKnownFileType = folder.assetcatalog; path = Assets.xcassets; sourceTree = "<group>"; };
		1F39783328C1C33900BD6638 /* Preview Assets.xcassets */ = {isa = PBXFileReference; lastKnownFileType = folder.assetcatalog; path = "Preview Assets.xcassets"; sourceTree = "<group>"; };
		1F39784528C1C7B200BD6638 /* GoogleService-Info.plist */ = {isa = PBXFileReference; fileEncoding = 4; lastKnownFileType = text.plist.xml; name = "GoogleService-Info.plist"; path = "../../../Downloads/GoogleService-Info.plist"; sourceTree = "<group>"; };
		1F39784728C1C86900BD6638 /* Info.plist */ = {isa = PBXFileReference; lastKnownFileType = text.plist; path = Info.plist; sourceTree = "<group>"; };
		1F39784A28C1C91300BD6638 /* SignIn.swift */ = {isa = PBXFileReference; lastKnownFileType = sourcecode.swift; path = SignIn.swift; sourceTree = "<group>"; };
		1F39784C28C1CD9800BD6638 /* EmailField.swift */ = {isa = PBXFileReference; lastKnownFileType = sourcecode.swift; path = EmailField.swift; sourceTree = "<group>"; };
		1F39784E28C1CF8F00BD6638 /* SignViewModel.swift */ = {isa = PBXFileReference; lastKnownFileType = sourcecode.swift; path = SignViewModel.swift; sourceTree = "<group>"; };
		1F39785028C1DBD200BD6638 /* PasswordField.swift */ = {isa = PBXFileReference; lastKnownFileType = sourcecode.swift; path = PasswordField.swift; sourceTree = "<group>"; };
		1F39785628C2045200BD6638 /* Home.swift */ = {isa = PBXFileReference; lastKnownFileType = sourcecode.swift; path = Home.swift; sourceTree = "<group>"; };
		1F39785828C27F2E00BD6638 /* ListProduct.swift */ = {isa = PBXFileReference; lastKnownFileType = sourcecode.swift; path = ListProduct.swift; sourceTree = "<group>"; };
		1F9C981228C6BFAD00DC1EB5 /* DetailsProducts.swift */ = {isa = PBXFileReference; lastKnownFileType = sourcecode.swift; path = DetailsProducts.swift; sourceTree = "<group>"; };
/* End PBXFileReference section */

/* Begin PBXFrameworksBuildPhase section */
		1F39782628C1C33600BD6638 /* Frameworks */ = {
			isa = PBXFrameworksBuildPhase;
			buildActionMask = 2147483647;
			files = (
				1F9C980D28C6685100DC1EB5 /* GoogleSignInSwift in Frameworks */,
				1F9C980828C6672700DC1EB5 /* FirebaseAuth in Frameworks */,
				1F9C980B28C6685000DC1EB5 /* GoogleSignIn in Frameworks */,
			);
			runOnlyForDeploymentPostprocessing = 0;
		};
/* End PBXFrameworksBuildPhase section */

/* Begin PBXGroup section */
		1F39782028C1C33600BD6638 = {
			isa = PBXGroup;
			children = (
				1F39782B28C1C33600BD6638 /* Agence */,
				1F39782A28C1C33600BD6638 /* Products */,
			);
			sourceTree = "<group>";
		};
		1F39782A28C1C33600BD6638 /* Products */ = {
			isa = PBXGroup;
			children = (
				1F39782928C1C33600BD6638 /* Agence.app */,
			);
			name = Products;
			sourceTree = "<group>";
		};
		1F39782B28C1C33600BD6638 /* Agence */ = {
			isa = PBXGroup;
			children = (
				1F39784928C1C8F700BD6638 /* ViewModel */,
				1F39784828C1C8F000BD6638 /* View */,
				1F39784728C1C86900BD6638 /* Info.plist */,
				1F39784528C1C7B200BD6638 /* GoogleService-Info.plist */,
				1F39782C28C1C33600BD6638 /* AgenceApp.swift */,
				1F39782E28C1C33600BD6638 /* ContentView.swift */,
				1F39783028C1C33900BD6638 /* Assets.xcassets */,
				1F39783228C1C33900BD6638 /* Preview Content */,
			);
			path = Agence;
			sourceTree = "<group>";
		};
		1F39783228C1C33900BD6638 /* Preview Content */ = {
			isa = PBXGroup;
			children = (
				1F39783328C1C33900BD6638 /* Preview Assets.xcassets */,
			);
			path = "Preview Content";
			sourceTree = "<group>";
		};
		1F39784828C1C8F000BD6638 /* View */ = {
			isa = PBXGroup;
			children = (
				1F39784A28C1C91300BD6638 /* SignIn.swift */,
				1F39784C28C1CD9800BD6638 /* EmailField.swift */,
				1F39785028C1DBD200BD6638 /* PasswordField.swift */,
				1F39785628C2045200BD6638 /* Home.swift */,
				1F39785828C27F2E00BD6638 /* ListProduct.swift */,
				1F9C981228C6BFAD00DC1EB5 /* DetailsProducts.swift */,
			);
			path = View;
			sourceTree = "<group>";
		};
		1F39784928C1C8F700BD6638 /* ViewModel */ = {
			isa = PBXGroup;
			children = (
				1F39784E28C1CF8F00BD6638 /* SignViewModel.swift */,
			);
			path = ViewModel;
			sourceTree = "<group>";
		};
/* End PBXGroup section */

/* Begin PBXNativeTarget section */
		1F39782828C1C33600BD6638 /* Agence */ = {
			isa = PBXNativeTarget;
			buildConfigurationList = 1F39783728C1C33900BD6638 /* Build configuration list for PBXNativeTarget "Agence" */;
			buildPhases = (
				1F39782528C1C33600BD6638 /* Sources */,
				1F39782628C1C33600BD6638 /* Frameworks */,
				1F39782728C1C33600BD6638 /* Resources */,
			);
			buildRules = (
			);
			dependencies = (
			);
			name = Agence;
			packageProductDependencies = (
				1F9C980728C6672700DC1EB5 /* FirebaseAuth */,
				1F9C980A28C6685000DC1EB5 /* GoogleSignIn */,
				1F9C980C28C6685100DC1EB5 /* GoogleSignInSwift */,
			);
			productName = Agence;
			productReference = 1F39782928C1C33600BD6638 /* Agence.app */;
			productType = "com.apple.product-type.application";
		};
/* End PBXNativeTarget section */

/* Begin PBXProject section */
		1F39782128C1C33600BD6638 /* Project object */ = {
			isa = PBXProject;
			attributes = {
				BuildIndependentTargetsInParallel = 1;
				LastSwiftUpdateCheck = 1340;
				LastUpgradeCheck = 1340;
				TargetAttributes = {
					1F39782828C1C33600BD6638 = {
						CreatedOnToolsVersion = 13.4.1;
					};
				};
			};
			buildConfigurationList = 1F39782428C1C33600BD6638 /* Build configuration list for PBXProject "Agence" */;
			compatibilityVersion = "Xcode 13.0";
			developmentRegion = en;
			hasScannedForEncodings = 0;
			knownRegions = (
				en,
				Base,
			);
			mainGroup = 1F39782028C1C33600BD6638;
			packageReferences = (
				1F9C980628C6672700DC1EB5 /* XCRemoteSwiftPackageReference "firebase-ios-sdk" */,
				1F9C980928C6685000DC1EB5 /* XCRemoteSwiftPackageReference "GoogleSignIn-iOS" */,
			);
			productRefGroup = 1F39782A28C1C33600BD6638 /* Products */;
			projectDirPath = "";
			projectRoot = "";
			targets = (
				1F39782828C1C33600BD6638 /* Agence */,
			);
		};
/* End PBXProject section */

/* Begin PBXResourcesBuildPhase section */
		1F39782728C1C33600BD6638 /* Resources */ = {
			isa = PBXResourcesBuildPhase;
			buildActionMask = 2147483647;
			files = (
				1F39783428C1C33900BD6638 /* Preview Assets.xcassets in Resources */,
				1F39783128C1C33900BD6638 /* Assets.xcassets in Resources */,
				1F39784628C1C7B200BD6638 /* GoogleService-Info.plist in Resources */,
			);
			runOnlyForDeploymentPostprocessing = 0;
		};
/* End PBXResourcesBuildPhase section */

/* Begin PBXSourcesBuildPhase section */
		1F39782528C1C33600BD6638 /* Sources */ = {
			isa = PBXSourcesBuildPhase;
			buildActionMask = 2147483647;
			files = (
				1F39782F28C1C33600BD6638 /* ContentView.swift in Sources */,
				1F39785928C27F2E00BD6638 /* ListProduct.swift in Sources */,
				1F39785128C1DBD300BD6638 /* PasswordField.swift in Sources */,
				1F39784B28C1C91300BD6638 /* SignIn.swift in Sources */,
				1F39782D28C1C33600BD6638 /* AgenceApp.swift in Sources */,
				1F39784F28C1CF8F00BD6638 /* SignViewModel.swift in Sources */,
				1F39784D28C1CD9800BD6638 /* EmailField.swift in Sources */,
				1F39785728C2045200BD6638 /* Home.swift in Sources */,
				1F9C981328C6BFAD00DC1EB5 /* DetailsProducts.swift in Sources */,
			);
			runOnlyForDeploymentPostprocessing = 0;
		};
/* End PBXSourcesBuildPhase section */

/* Begin XCBuildConfiguration section */
		1F39783528C1C33900BD6638 /* Debug */ = {
			isa = XCBuildConfiguration;
			buildSettings = {
				ALWAYS_SEARCH_USER_PATHS = NO;
				CLANG_ANALYZER_NONNULL = YES;
				CLANG_ANALYZER_NUMBER_OBJECT_CONVERSION = YES_AGGRESSIVE;
				CLANG_CXX_LANGUAGE_STANDARD = "gnu++17";
				CLANG_ENABLE_MODULES = YES;
				CLANG_ENABLE_OBJC_ARC = YES;
				CLANG_ENABLE_OBJC_WEAK = YES;
				CLANG_WARN_BLOCK_CAPTURE_AUTORELEASING = YES;
				CLANG_WARN_BOOL_CONVERSION = YES;
				CLANG_WARN_COMMA = YES;
				CLANG_WARN_CONSTANT_CONVERSION = YES;
				CLANG_WARN_DEPRECATED_OBJC_IMPLEMENTATIONS = YES;
				CLANG_WARN_DIRECT_OBJC_ISA_USAGE = YES_ERROR;
				CLANG_WARN_DOCUMENTATION_COMMENTS = YES;
				CLANG_WARN_EMPTY_BODY = YES;
				CLANG_WARN_ENUM_CONVERSION = YES;
				CLANG_WARN_INFINITE_RECURSION = YES;
				CLANG_WARN_INT_CONVERSION = YES;
				CLANG_WARN_NON_LITERAL_NULL_CONVERSION = YES;
				CLANG_WARN_OBJC_IMPLICIT_RETAIN_SELF = YES;
				CLANG_WARN_OBJC_LITERAL_CONVERSION = YES;
				CLANG_WARN_OBJC_ROOT_CLASS = YES_ERROR;
				CLANG_WARN_QUOTED_INCLUDE_IN_FRAMEWORK_HEADER = YES;
				CLANG_WARN_RANGE_LOOP_ANALYSIS = YES;
				CLANG_WARN_STRICT_PROTOTYPES = YES;
				CLANG_WARN_SUSPICIOUS_MOVE = YES;
				CLANG_WARN_UNGUARDED_AVAILABILITY = YES_AGGRESSIVE;
				CLANG_WARN_UNREACHABLE_CODE = YES;
				CLANG_WARN__DUPLICATE_METHOD_MATCH = YES;
				COPY_PHASE_STRIP = NO;
				DEBUG_INFORMATION_FORMAT = dwarf;
				ENABLE_STRICT_OBJC_MSGSEND = YES;
				ENABLE_TESTABILITY = YES;
				GCC_C_LANGUAGE_STANDARD = gnu11;
				GCC_DYNAMIC_NO_PIC = NO;
				GCC_NO_COMMON_BLOCKS = YES;
				GCC_OPTIMIZATION_LEVEL = 0;
				GCC_PREPROCESSOR_DEFINITIONS = (
					"DEBUG=1",
					"$(inherited)",
				);
				GCC_WARN_64_TO_32_BIT_CONVERSION = YES;
				GCC_WARN_ABOUT_RETURN_TYPE = YES_ERROR;
				GCC_WARN_UNDECLARED_SELECTOR = YES;
				GCC_WARN_UNINITIALIZED_AUTOS = YES_AGGRESSIVE;
				GCC_WARN_UNUSED_FUNCTION = YES;
				GCC_WARN_UNUSED_VARIABLE = YES;
				IPHONEOS_DEPLOYMENT_TARGET = 15.5;
				MTL_ENABLE_DEBUG_INFO = INCLUDE_SOURCE;
				MTL_FAST_MATH = YES;
				ONLY_ACTIVE_ARCH = YES;
				SDKROOT = iphoneos;
				SWIFT_ACTIVE_COMPILATION_CONDITIONS = DEBUG;
				SWIFT_OPTIMIZATION_LEVEL = "-Onone";
			};
			name = Debug;
		};
		1F39783628C1C33900BD6638 /* Release */ = {
			isa = XCBuildConfiguration;
			buildSettings = {
				ALWAYS_SEARCH_USER_PATHS = NO;
				CLANG_ANALYZER_NONNULL = YES;
				CLANG_ANALYZER_NUMBER_OBJECT_CONVERSION = YES_AGGRESSIVE;
				CLANG_CXX_LANGUAGE_STANDARD = "gnu++17";
				CLANG_ENABLE_MODULES = YES;
				CLANG_ENABLE_OBJC_ARC = YES;
				CLANG_ENABLE_OBJC_WEAK = YES;
				CLANG_WARN_BLOCK_CAPTURE_AUTORELEASING = YES;
				CLANG_WARN_BOOL_CONVERSION = YES;
				CLANG_WARN_COMMA = YES;
				CLANG_WARN_CONSTANT_CONVERSION = YES;
				CLANG_WARN_DEPRECATED_OBJC_IMPLEMENTATIONS = YES;
				CLANG_WARN_DIRECT_OBJC_ISA_USAGE = YES_ERROR;
				CLANG_WARN_DOCUMENTATION_COMMENTS = YES;
				CLANG_WARN_EMPTY_BODY = YES;
				CLANG_WARN_ENUM_CONVERSION = YES;
				CLANG_WARN_INFINITE_RECURSION = YES;
				CLANG_WARN_INT_CONVERSION = YES;
				CLANG_WARN_NON_LITERAL_NULL_CONVERSION = YES;
				CLANG_WARN_OBJC_IMPLICIT_RETAIN_SELF = YES;
				CLANG_WARN_OBJC_LITERAL_CONVERSION = YES;
				CLANG_WARN_OBJC_ROOT_CLASS = YES_ERROR;
				CLANG_WARN_QUOTED_INCLUDE_IN_FRAMEWORK_HEADER = YES;
				CLANG_WARN_RANGE_LOOP_ANALYSIS = YES;
				CLANG_WARN_STRICT_PROTOTYPES = YES;
				CLANG_WARN_SUSPICIOUS_MOVE = YES;
				CLANG_WARN_UNGUARDED_AVAILABILITY = YES_AGGRESSIVE;
				CLANG_WARN_UNREACHABLE_CODE = YES;
				CLANG_WARN__DUPLICATE_METHOD_MATCH = YES;
				COPY_PHASE_STRIP = NO;
				DEBUG_INFORMATION_FORMAT = "dwarf-with-dsym";
				ENABLE_NS_ASSERTIONS = NO;
				ENABLE_STRICT_OBJC_MSGSEND = YES;
				GCC_C_LANGUAGE_STANDARD = gnu11;
				GCC_NO_COMMON_BLOCKS = YES;
				GCC_WARN_64_TO_32_BIT_CONVERSION = YES;
				GCC_WARN_ABOUT_RETURN_TYPE = YES_ERROR;
				GCC_WARN_UNDECLARED_SELECTOR = YES;
				GCC_WARN_UNINITIALIZED_AUTOS = YES_AGGRESSIVE;
				GCC_WARN_UNUSED_FUNCTION = YES;
				GCC_WARN_UNUSED_VARIABLE = YES;
				IPHONEOS_DEPLOYMENT_TARGET = 15.5;
				MTL_ENABLE_DEBUG_INFO = NO;
				MTL_FAST_MATH = YES;
				SDKROOT = iphoneos;
				SWIFT_COMPILATION_MODE = wholemodule;
				SWIFT_OPTIMIZATION_LEVEL = "-O";
				VALIDATE_PRODUCT = YES;
			};
			name = Release;
		};
		1F39783828C1C33900BD6638 /* Debug */ = {
			isa = XCBuildConfiguration;
			buildSettings = {
				ASSETCATALOG_COMPILER_APPICON_NAME = AppIcon;
				ASSETCATALOG_COMPILER_GLOBAL_ACCENT_COLOR_NAME = AccentColor;
				CODE_SIGN_STYLE = Automatic;
				CURRENT_PROJECT_VERSION = 1;
				DEVELOPMENT_ASSET_PATHS = "\"Agence/Preview Content\"";
				DEVELOPMENT_TEAM = H5QG2Z5KD8;
				ENABLE_PREVIEWS = YES;
				GENERATE_INFOPLIST_FILE = YES;
				INFOPLIST_FILE = Agence/Info.plist;
				INFOPLIST_KEY_NSLocationWhenInUseUsageDescription = "This app needs your location";
				INFOPLIST_KEY_UIApplicationSceneManifest_Generation = YES;
				INFOPLIST_KEY_UIApplicationSupportsIndirectInputEvents = YES;
				INFOPLIST_KEY_UILaunchScreen_Generation = YES;
				INFOPLIST_KEY_UISupportedInterfaceOrientations_iPad = "UIInterfaceOrientationPortrait UIInterfaceOrientationPortraitUpsideDown UIInterfaceOrientationLandscapeLeft UIInterfaceOrientationLandscapeRight";
				INFOPLIST_KEY_UISupportedInterfaceOrientations_iPhone = "UIInterfaceOrientationPortrait UIInterfaceOrientationLandscapeLeft UIInterfaceOrientationLandscapeRight";
				LD_RUNPATH_SEARCH_PATHS = (
					"$(inherited)",
					"@executable_path/Frameworks",
				);
				MARKETING_VERSION = 1.0;
				PRODUCT_BUNDLE_IDENTIFIER = standartesoftware.com.Agence;
				PRODUCT_NAME = "$(TARGET_NAME)";
				SWIFT_EMIT_LOC_STRINGS = YES;
				SWIFT_VERSION = 5.0;
				TARGETED_DEVICE_FAMILY = 1;
			};
			name = Debug;
		};
		1F39783928C1C33900BD6638 /* Release */ = {
			isa = XCBuildConfiguration;
			buildSettings = {
				ASSETCATALOG_COMPILER_APPICON_NAME = AppIcon;
				ASSETCATALOG_COMPILER_GLOBAL_ACCENT_COLOR_NAME = AccentColor;
				CODE_SIGN_STYLE = Automatic;
				CURRENT_PROJECT_VERSION = 1;
				DEVELOPMENT_ASSET_PATHS = "\"Agence/Preview Content\"";
				DEVELOPMENT_TEAM = H5QG2Z5KD8;
				ENABLE_PREVIEWS = YES;
				GENERATE_INFOPLIST_FILE = YES;
				INFOPLIST_FILE = Agence/Info.plist;
				INFOPLIST_KEY_NSLocationWhenInUseUsageDescription = "This app needs your location";
				INFOPLIST_KEY_UIApplicationSceneManifest_Generation = YES;
				INFOPLIST_KEY_UIApplicationSupportsIndirectInputEvents = YES;
				INFOPLIST_KEY_UILaunchScreen_Generation = YES;
				INFOPLIST_KEY_UISupportedInterfaceOrientations_iPad = "UIInterfaceOrientationPortrait UIInterfaceOrientationPortraitUpsideDown UIInterfaceOrientationLandscapeLeft UIInterfaceOrientationLandscapeRight";
				INFOPLIST_KEY_UISupportedInterfaceOrientations_iPhone = "UIInterfaceOrientationPortrait UIInterfaceOrientationLandscapeLeft UIInterfaceOrientationLandscapeRight";
				LD_RUNPATH_SEARCH_PATHS = (
					"$(inherited)",
					"@executable_path/Frameworks",
				);
				MARKETING_VERSION = 1.0;
				PRODUCT_BUNDLE_IDENTIFIER = standartesoftware.com.Agence;
				PRODUCT_NAME = "$(TARGET_NAME)";
				SWIFT_EMIT_LOC_STRINGS = YES;
				SWIFT_VERSION = 5.0;
				TARGETED_DEVICE_FAMILY = 1;
			};
			name = Release;
		};
/* End XCBuildConfiguration section */

/* Begin XCConfigurationList section */
		1F39782428C1C33600BD6638 /* Build configuration list for PBXProject "Agence" */ = {
			isa = XCConfigurationList;
			buildConfigurations = (
				1F39783528C1C33900BD6638 /* Debug */,
				1F39783628C1C33900BD6638 /* Release */,
			);
			defaultConfigurationIsVisible = 0;
			defaultConfigurationName = Release;
		};
		1F39783728C1C33900BD6638 /* Build configuration list for PBXNativeTarget "Agence" */ = {
			isa = XCConfigurationList;
			buildConfigurations = (
				1F39783828C1C33900BD6638 /* Debug */,
				1F39783928C1C33900BD6638 /* Release */,
			);
			defaultConfigurationIsVisible = 0;
			defaultConfigurationName = Release;
		};
/* End XCConfigurationList section */

/* Begin XCRemoteSwiftPackageReference section */
		1F9C980628C6672700DC1EB5 /* XCRemoteSwiftPackageReference "firebase-ios-sdk" */ = {
			isa = XCRemoteSwiftPackageReference;
			repositoryURL = "https://github.com/firebase/firebase-ios-sdk";
			requirement = {
				kind = upToNextMajorVersion;
				minimumVersion = 9.0.0;
			};
		};
		1F9C980928C6685000DC1EB5 /* XCRemoteSwiftPackageReference "GoogleSignIn-iOS" */ = {
			isa = XCRemoteSwiftPackageReference;
			repositoryURL = "https://github.com/google/GoogleSignIn-iOS";
			requirement = {
				branch = main;
				kind = branch;
			};
		};
/* End XCRemoteSwiftPackageReference section */

/* Begin XCSwiftPackageProductDependency section */
		1F9C980728C6672700DC1EB5 /* FirebaseAuth */ = {
			isa = XCSwiftPackageProductDependency;
			package = 1F9C980628C6672700DC1EB5 /* XCRemoteSwiftPackageReference "firebase-ios-sdk" */;
			productName = FirebaseAuth;
		};
		1F9C980A28C6685000DC1EB5 /* GoogleSignIn */ = {
			isa = XCSwiftPackageProductDependency;
			package = 1F9C980928C6685000DC1EB5 /* XCRemoteSwiftPackageReference "GoogleSignIn-iOS" */;
			productName = GoogleSignIn;
		};
		1F9C980C28C6685100DC1EB5 /* GoogleSignInSwift */ = {
			isa = XCSwiftPackageProductDependency;
			package = 1F9C980928C6685000DC1EB5 /* XCRemoteSwiftPackageReference "GoogleSignIn-iOS" */;
			productName = GoogleSignInSwift;
		};
/* End XCSwiftPackageProductDependency section */
	};
	rootObject = 1F39782128C1C33600BD6638 /* Project object */;
}
